
Microsoft Visual Studio Solution File, Format Version 12.00
# Visual Studio Version 16
VisualStudioVersion = 16.0.29123.88
MinimumVisualStudioVersion = 10.0.40219.1
Project("{FAE04EC0-301F-11D3-BF4B-00C04F79EFBC}") = "E-biblioteka", "E-biblioteka\E-biblioteka.csproj", "{E518A549-85B8-42FE-94EE-24DA3AA6CA71}"
EndProject
Global
	GlobalSection(SolutionConfigurationPlatforms) = preSolution
		Debug|Any CPU = Debug|Any CPU
		Release|Any CPU = Release|Any CPU
	EndGlobalSection
	GlobalSection(ProjectConfigurationPlatforms) = postSolution
		{E518A549-85B8-42FE-94EE-24DA3AA6CA71}.Debug|Any CPU.ActiveCfg = Debug|Any CPU
		{E518A549-85B8-42FE-94EE-24DA3AA6CA71}.Debug|Any CPU.Build.0 = Debug|Any CPU
		{E518A549-85B8-42FE-94EE-24DA3AA6CA71}.Release|Any CPU.ActiveCfg = Release|Any CPU
		{E518A549-85B8-42FE-94EE-24DA3AA6CA71}.Release|Any CPU.Build.0 = Release|Any CPU
	EndGlobalSection
	GlobalSection(SolutionProperties) = preSolution
		HideSolutionNode = FALSE
	EndGlobalSection
	GlobalSection(ExtensibilityGlobals) = postSolution
		SolutionGuid = {CA16102E-54CC-4E8B-9FC7-B83AAB637BC3}
	EndGlobalSection
EndGlobal
